{
  "requires": true,
  "lockfileVersion": 1,
  "dependencies": {
    "@contentful/rich-text-html-renderer": {
      "version": "14.1.2",
      "resolved": "https://registry.npmjs.org/@contentful/rich-text-html-renderer/-/rich-text-html-renderer-14.1.2.tgz",
      "integrity": "sha512-WdIr+WsaOCALMykW7RG8Cy4JTzQwhVgy+86V9AgKm8pRT3L7d5Qx88VGQTmMh6JgtYyKbOJzKm8fGgKPKHz4TA==",
      "requires": {
        "@contentful/rich-text-types": "^14.1.2",
        "escape-html": "^1.0.3"
      }
    },
    "@contentful/rich-text-types": {
      "version": "14.1.2",
      "resolved": "https://registry.npmjs.org/@contentful/rich-text-types/-/rich-text-types-14.1.2.tgz",
      "integrity": "sha512-XbgZ7op5uyYYszipgQg/bYobF4b+llXyTwS8hISRniQY9xKESz544eP2OGmRc4J3MHx29M7Vmx7TVA/IK65giQ=="
    },
    "axios": {
      "version": "0.21.1",
      "resolved": "https://registry.npmjs.org/axios/-/axios-0.21.1.tgz",
      "integrity": "sha512-dKQiRHxGD9PPRIUNIWvZhPTPpl1rf/OxTYKsqKUDjBwYylTvV7SjSHJb9ratfyzM6wCdLCOYLzs73qpg5c4iGA==",
      "requires": {
        "follow-redirects": "^1.10.0"
      }
    },
    "contentful": {
      "version": "8.1.6",
      "resolved": "https://registry.npmjs.org/contentful/-/contentful-8.1.6.tgz",
      "integrity": "sha512-Tb4SOdAXrWbe7wVKEk0HjvJ0Rz1H2z3tV4UhfuAGcQq8K1g4xmPwm0w8g1mlrLE63Nd/fb92J2YTt5+ZGpcjsA==",
      "requires": {
        "axios": "^0.21.0",
        "contentful-resolve-response": "^1.3.0",
        "contentful-sdk-core": "^6.5.0",
        "fast-copy": "^2.1.0",
        "json-stringify-safe": "^5.0.1"
      }
    },
    "contentful-resolve-response": {
      "version": "1.3.0",
      "resolved": "https://registry.npmjs.org/contentful-resolve-response/-/contentful-resolve-response-1.3.0.tgz",
      "integrity": "sha512-FFa4it5VXW1YGyim5rhPbnwmN4c8OcmkpLrsylTL2Y1YpoC+6qnZSSU/QZyvHomLdEgwXaSXhGVJkWjpdz5IMg==",
      "requires": {
        "fast-copy": "^2.1.0"
      }
    },
    "contentful-sdk-core": {
      "version": "6.7.0",
      "resolved": "https://registry.npmjs.org/contentful-sdk-core/-/contentful-sdk-core-6.7.0.tgz",
      "integrity": "sha512-+b8UXVE249Z6WzMLXvsu3CIvN/s5xXRZ9o+zY7zDdPkIYBMW15xcs9N2ATI6ncmc+s1uj4XZij/2skflletHiw==",
      "requires": {
        "fast-copy": "^2.1.0",
        "qs": "^6.9.4"
      }
    },
    "dialog-polyfill": {
      "version": "0.4.10",
      "resolved": "https://registry.npmjs.org/dialog-polyfill/-/dialog-polyfill-0.4.10.tgz",
      "integrity": "sha512-j5yGMkP8T00UFgyO+78OxiN5vC5dzRQF3BEio+LhNvDbyfxWBsi3sfPArDm54VloaJwy2hm3erEiDWqHRC8rzw=="
    },
    "escape-html": {
      "version": "1.0.3",
      "resolved": "https://registry.npmjs.org/escape-html/-/escape-html-1.0.3.tgz",
      "integrity": "sha1-Aljq5NPQwJdN4cFpGI7wBR0dGYg="
    },
    "fast-copy": {
      "version": "2.1.0",
      "resolved": "https://registry.npmjs.org/fast-copy/-/fast-copy-2.1.0.tgz",
      "integrity": "sha512-j4VxAVJsu9NHveYrIj0+nJxXe2lOlibKTlyy0jH8DBwcuV6QyXTy0zTqZhmMKo7EYvuaUk/BFj/o6NU6grE5ag=="
    },
    "firebaseui": {
      "version": "4.7.1",
      "resolved": "https://registry.npmjs.org/firebaseui/-/firebaseui-4.7.1.tgz",
      "integrity": "sha512-wDdo3LLnh9sV1dDKyNgn4M7cKecILosvqvtQE1SUum/R+eXLdN1q1ZRKZ2Lp6ZyP0XDAHrotssS4vJNh4OdwuQ==",
      "requires": {
        "dialog-polyfill": "^0.4.7",
        "material-design-lite": "^1.2.0"
      }
    },
    "follow-redirects": {
      "version": "1.13.1",
      "resolved": "https://registry.npmjs.org/follow-redirects/-/follow-redirects-1.13.1.tgz",
      "integrity": "sha512-SSG5xmZh1mkPGyKzjZP8zLjltIfpW32Y5QpdNJyjcfGxK3qo3NDDkZOZSFiGn1A6SclQxY9GzEwAHQ3dmYRWpg=="
    },
    "json-stringify-safe": {
      "version": "5.0.1",
      "resolved": "https://registry.npmjs.org/json-stringify-safe/-/json-stringify-safe-5.0.1.tgz",
      "integrity": "sha1-Epai1Y/UXxmg9s4B1lcB4sc1tus="
    },
    "material-design-lite": {
      "version": "1.3.0",
      "resolved": "https://registry.npmjs.org/material-design-lite/-/material-design-lite-1.3.0.tgz",
      "integrity": "sha1-0ATOP+6Zoe63Sni4oyUTSl8RcdM="
    },
    "qs": {
      "version": "6.9.4",
      "resolved": "https://registry.npmjs.org/qs/-/qs-6.9.4.tgz",
      "integrity": "sha512-A1kFqHekCTM7cz0udomYUoYNWjBebHm/5wzU/XqrBRBNWectVH0QIiN+NEcZ0Dte5hvzHwbr8+XQmguPhJ6WdQ=="
    }
  }
}
